
Microsoft Visual Studio Solution File, Format Version 12.00
# Visual Studio 15
VisualStudioVersion = 15.0.27703.2018
MinimumVisualStudioVersion = 10.0.40219.1
Project("{FAE04EC0-301F-11D3-BF4B-00C04F79EFBC}") = "AdefHelpDeskBase", "AdefHelpDesk\AdefHelpDeskBase.csproj", "{46CD8855-120C-4DE3-95C3-8C5A10167D75}"
EndProject
Project("{FAE04EC0-301F-11D3-BF4B-00C04F79EFBC}") = "ADefHelpDeskApp", "ADefHelpDeskApp\ADefHelpDeskApp.csproj", "{DC3FEAB7-6CA6-43CF-9C4B-188987BB8315}"
EndProject
Global
	GlobalSection(SolutionConfigurationPlatforms) = preSolution
		Debug|Any CPU = Debug|Any CPU
		Release|Any CPU = Release|Any CPU
	EndGlobalSection
	GlobalSection(ProjectConfigurationPlatforms) = postSolution
		{46CD8855-120C-4DE3-95C3-8C5A10167D75}.Debug|Any CPU.ActiveCfg = Debug|Any CPU
		{46CD8855-120C-4DE3-95C3-8C5A10167D75}.Debug|Any CPU.Build.0 = Debug|Any CPU
		{46CD8855-120C-4DE3-95C3-8C5A10167D75}.Release|Any CPU.ActiveCfg = Release|Any CPU
		{46CD8855-120C-4DE3-95C3-8C5A10167D75}.Release|Any CPU.Build.0 = Release|Any CPU
		{DC3FEAB7-6CA6-43CF-9C4B-188987BB8315}.Debug|Any CPU.ActiveCfg = Debug|Any CPU
		{DC3FEAB7-6CA6-43CF-9C4B-188987BB8315}.Debug|Any CPU.Build.0 = Debug|Any CPU
		{DC3FEAB7-6CA6-43CF-9C4B-188987BB8315}.Release|Any CPU.ActiveCfg = Release|Any CPU
		{DC3FEAB7-6CA6-43CF-9C4B-188987BB8315}.Release|Any CPU.Build.0 = Release|Any CPU
	EndGlobalSection
	GlobalSection(SolutionProperties) = preSolution
		HideSolutionNode = FALSE
	EndGlobalSection
	GlobalSection(ExtensibilityGlobals) = postSolution
		SolutionGuid = {C804F889-BCE3-47EE-82DD-02FE46EA564B}
	EndGlobalSection
EndGlobal
