
Microsoft Visual Studio Solution File, Format Version 12.00
# Visual Studio Version 17
VisualStudioVersion = 17.0.31410.414
MinimumVisualStudioVersion = 10.0.40219.1
Project("{9A19103F-16F7-4668-BE54-9A1E7A4F7556}") = "ADefHelpDesk", "ADefHelpDesk\ADefHelpDesk.csproj", "{F56FCE35-5E33-40F8-8149-05F490F51387}"
EndProject
Project("{9A19103F-16F7-4668-BE54-9A1E7A4F7556}") = "ADefHelpDeskApp", "ADefHelpDeskApp\ADefHelpDeskApp.csproj", "{8D2C133F-EF36-4751-8B1D-75103D7A2735}"
EndProject
Global
	GlobalSection(SolutionConfigurationPlatforms) = preSolution
		Debug|Any CPU = Debug|Any CPU
		Release|Any CPU = Release|Any CPU
	EndGlobalSection
	GlobalSection(ProjectConfigurationPlatforms) = postSolution
		{F56FCE35-5E33-40F8-8149-05F490F51387}.Debug|Any CPU.ActiveCfg = Debug|Any CPU
		{F56FCE35-5E33-40F8-8149-05F490F51387}.Debug|Any CPU.Build.0 = Debug|Any CPU
		{F56FCE35-5E33-40F8-8149-05F490F51387}.Release|Any CPU.ActiveCfg = Release|Any CPU
		{F56FCE35-5E33-40F8-8149-05F490F51387}.Release|Any CPU.Build.0 = Release|Any CPU
		{8D2C133F-EF36-4751-8B1D-75103D7A2735}.Debug|Any CPU.ActiveCfg = Debug|Any CPU
		{8D2C133F-EF36-4751-8B1D-75103D7A2735}.Debug|Any CPU.Build.0 = Debug|Any CPU
		{8D2C133F-EF36-4751-8B1D-75103D7A2735}.Release|Any CPU.ActiveCfg = Release|Any CPU
		{8D2C133F-EF36-4751-8B1D-75103D7A2735}.Release|Any CPU.Build.0 = Release|Any CPU
	EndGlobalSection
	GlobalSection(SolutionProperties) = preSolution
		HideSolutionNode = FALSE
	EndGlobalSection
	GlobalSection(ExtensibilityGlobals) = postSolution
		SolutionGuid = {C804F889-BCE3-47EE-82DD-02FE46EA564B}
	EndGlobalSection
EndGlobal
