
Microsoft Visual Studio Solution File, Format Version 12.00
# Visual Studio Version 17
VisualStudioVersion = 17.0.31410.414
MinimumVisualStudioVersion = 10.0.40219.1
Project("{9A19103F-16F7-4668-BE54-9A1E7A4F7556}") = "ADefHelpDeskWebApp", "ADefHelpDeskWebApp\ADefHelpDeskWebApp.csproj", "{CF0E0893-4520-4C72-BC88-9FFDBEA8C3F6}"
EndProject
Project("{9A19103F-16F7-4668-BE54-9A1E7A4F7556}") = "ADefHelpDeskApp", "ADefHelpDeskApp\ADefHelpDeskApp.csproj", "{66850E5B-15A6-40E3-90AA-9AE96661F3AF}"
EndProject
Global
	GlobalSection(SolutionConfigurationPlatforms) = preSolution
		Debug|Any CPU = Debug|Any CPU
		Release|Any CPU = Release|Any CPU
	EndGlobalSection
	GlobalSection(ProjectConfigurationPlatforms) = postSolution
		{CF0E0893-4520-4C72-BC88-9FFDBEA8C3F6}.Debug|Any CPU.ActiveCfg = Debug|Any CPU
		{CF0E0893-4520-4C72-BC88-9FFDBEA8C3F6}.Debug|Any CPU.Build.0 = Debug|Any CPU
		{CF0E0893-4520-4C72-BC88-9FFDBEA8C3F6}.Release|Any CPU.ActiveCfg = Release|Any CPU
		{CF0E0893-4520-4C72-BC88-9FFDBEA8C3F6}.Release|Any CPU.Build.0 = Release|Any CPU
		{66850E5B-15A6-40E3-90AA-9AE96661F3AF}.Debug|Any CPU.ActiveCfg = Debug|Any CPU
		{66850E5B-15A6-40E3-90AA-9AE96661F3AF}.Debug|Any CPU.Build.0 = Debug|Any CPU
		{66850E5B-15A6-40E3-90AA-9AE96661F3AF}.Release|Any CPU.ActiveCfg = Release|Any CPU
		{66850E5B-15A6-40E3-90AA-9AE96661F3AF}.Release|Any CPU.Build.0 = Release|Any CPU
	EndGlobalSection
	GlobalSection(SolutionProperties) = preSolution
		HideSolutionNode = FALSE
	EndGlobalSection
	GlobalSection(ExtensibilityGlobals) = postSolution
		SolutionGuid = {C804F889-BCE3-47EE-82DD-02FE46EA564B}
	EndGlobalSection
EndGlobal
